
Microsoft Visual Studio Solution File, Format Version 12.00
# Visual Studio Version 17
VisualStudioVersion = 17.8.34322.80
MinimumVisualStudioVersion = 10.0.40219.1
Project("{FAE04EC0-301F-11D3-BF4B-00C04F79EFBC}") = "Selenium - Lekcja 1", "Selenium - Lekcja 1\Selenium - Lekcja 1.csproj", "{07B0FECD-7DDD-4DE4-9B50-350968070E0E}"
EndProject
Global
	GlobalSection(SolutionConfigurationPlatforms) = preSolution
		Debug|Any CPU = Debug|Any CPU
		Release|Any CPU = Release|Any CPU
	EndGlobalSection
	GlobalSection(ProjectConfigurationPlatforms) = postSolution
		{07B0FECD-7DDD-4DE4-9B50-350968070E0E}.Debug|Any CPU.ActiveCfg = Debug|Any CPU
		{07B0FECD-7DDD-4DE4-9B50-350968070E0E}.Debug|Any CPU.Build.0 = Debug|Any CPU
		{07B0FECD-7DDD-4DE4-9B50-350968070E0E}.Release|Any CPU.ActiveCfg = Release|Any CPU
		{07B0FECD-7DDD-4DE4-9B50-350968070E0E}.Release|Any CPU.Build.0 = Release|Any CPU
	EndGlobalSection
	GlobalSection(SolutionProperties) = preSolution
		HideSolutionNode = FALSE
	EndGlobalSection
	GlobalSection(ExtensibilityGlobals) = postSolution
		SolutionGuid = {1C80A9A2-D2A5-493F-A011-7D9FD8187A01}
	EndGlobalSection
EndGlobal
